
Microsoft Visual Studio Solution File, Format Version 12.00
# Visual Studio 15
VisualStudioVersion = 15.0.28307.1062
MinimumVisualStudioVersion = 10.0.40219.1
Project("{FAE04EC0-301F-11D3-BF4B-00C04F79EFBC}") = "ApiCRUDMVC", "ApiCRUDMVC\ApiCRUDMVC.csproj", "{7F6DB677-ABA9-42D5-A9F5-9FD36937BAE3}"
EndProject
Global
	GlobalSection(SolutionConfigurationPlatforms) = preSolution
		Debug|Any CPU = Debug|Any CPU
		Release|Any CPU = Release|Any CPU
	EndGlobalSection
	GlobalSection(ProjectConfigurationPlatforms) = postSolution
		{7F6DB677-ABA9-42D5-A9F5-9FD36937BAE3}.Debug|Any CPU.ActiveCfg = Debug|Any CPU
		{7F6DB677-ABA9-42D5-A9F5-9FD36937BAE3}.Debug|Any CPU.Build.0 = Debug|Any CPU
		{7F6DB677-ABA9-42D5-A9F5-9FD36937BAE3}.Release|Any CPU.ActiveCfg = Release|Any CPU
		{7F6DB677-ABA9-42D5-A9F5-9FD36937BAE3}.Release|Any CPU.Build.0 = Release|Any CPU
	EndGlobalSection
	GlobalSection(SolutionProperties) = preSolution
		HideSolutionNode = FALSE
	EndGlobalSection
	GlobalSection(ExtensibilityGlobals) = postSolution
		SolutionGuid = {81C3D591-C9A2-48F9-AFD0-F8E071261BAE}
	EndGlobalSection
EndGlobal
